{
  "name": "javascript-benchmark",
  "version": "1.0.0",
  "lockfileVersion": 1,
  "requires": true,
  "dependencies": {
    "san": {
      "version": "3.11.3",
      "resolved": "https://registry.npmmirror.com/san/-/san-3.11.3.tgz",
      "integrity": "sha512-TAJzJrXMoSrLVaEcPnze+4AjbUcK4qCWR2TdztxEHt6e+iOQ6ypCe3JPIEdUJV9zAllE73AKiPdUBf7oNjDkxw=="
    }
  }
}
